
Microsoft Visual Studio Solution File, Format Version 12.00
# Visual Studio Version 17
VisualStudioVersion = 17.9.34728.123
MinimumVisualStudioVersion = 10.0.40219.1
Project("{9A19103F-16F7-4668-BE54-9A1E7A4F7556}") = "ex06_caliburn_basic", "ex06_cailiburn_basic\ex06_caliburn_basic.csproj", "{F3097FC0-C647-429B-99DE-3FABF8075B99}"
EndProject
Project("{FAE04EC0-301F-11D3-BF4B-00C04F79EFBC}") = "ex07_EmployeeMngApp", "ex07_EmployeeMngApp\ex07_EmployeeMngApp.csproj", "{B0B2D18F-3D6D-4140-9A21-3711B05A43B4}"
EndProject
Global
	GlobalSection(SolutionConfigurationPlatforms) = preSolution
		Debug|Any CPU = Debug|Any CPU
		Release|Any CPU = Release|Any CPU
	EndGlobalSection
	GlobalSection(ProjectConfigurationPlatforms) = postSolution
		{F3097FC0-C647-429B-99DE-3FABF8075B99}.Debug|Any CPU.ActiveCfg = Debug|Any CPU
		{F3097FC0-C647-429B-99DE-3FABF8075B99}.Debug|Any CPU.Build.0 = Debug|Any CPU
		{F3097FC0-C647-429B-99DE-3FABF8075B99}.Release|Any CPU.ActiveCfg = Release|Any CPU
		{F3097FC0-C647-429B-99DE-3FABF8075B99}.Release|Any CPU.Build.0 = Release|Any CPU
		{B0B2D18F-3D6D-4140-9A21-3711B05A43B4}.Debug|Any CPU.ActiveCfg = Debug|Any CPU
		{B0B2D18F-3D6D-4140-9A21-3711B05A43B4}.Debug|Any CPU.Build.0 = Debug|Any CPU
		{B0B2D18F-3D6D-4140-9A21-3711B05A43B4}.Release|Any CPU.ActiveCfg = Release|Any CPU
		{B0B2D18F-3D6D-4140-9A21-3711B05A43B4}.Release|Any CPU.Build.0 = Release|Any CPU
	EndGlobalSection
	GlobalSection(SolutionProperties) = preSolution
		HideSolutionNode = FALSE
	EndGlobalSection
	GlobalSection(ExtensibilityGlobals) = postSolution
		SolutionGuid = {A4989AF9-23C1-4433-B202-34DF8604EC51}
	EndGlobalSection
EndGlobal
